# THIS IS AN AUTOGENERATED FILE. DO NOT EDIT THIS FILE DIRECTLY.
# yarn lockfile v1


acorn-node@^1.3.0:
  version "1.3.0"
  resolved "https://registry.yarnpkg.com/acorn-node/-/acorn-node-1.3.0.tgz#5f86d73346743810ef1269b901dbcbded020861b"
  dependencies:
    acorn "^5.4.1"
    xtend "^4.0.1"

acorn@^5.2.1, acorn@^5.4.1:
  version "5.5.3"
  resolved "https://registry.yarnpkg.com/acorn/-/acorn-5.5.3.tgz#f473dd47e0277a08e28e9bec5aeeb04751f0b8c9"

ansi-regex@^2.0.0:
  version "2.1.1"
  resolved "https://registry.yarnpkg.com/ansi-regex/-/ansi-regex-2.1.1.tgz#c3b33ab5ee360d86e0e628f0468ae7ef27d654df"

ansi-styles@^2.2.1:
  version "2.2.1"
  resolved "https://registry.yarnpkg.com/ansi-styles/-/ansi-styles-2.2.1.tgz#b432dd3358b634cf75e1e4664368240533c1ddbe"

browser-process-hrtime@^0.1.2:
  version "0.1.2"
  resolved "https://registry.yarnpkg.com/browser-process-hrtime/-/browser-process-hrtime-0.1.2.tgz#425d68a58d3447f02a04aa894187fce8af8b7b8e"

chalk@^1.1.3:
  version "1.1.3"
  resolved "https://registry.yarnpkg.com/chalk/-/chalk-1.1.3.tgz#a8115c55e4a702fe4d150abd3872822a7e09fc98"
  dependencies:
    ansi-styles "^2.2.1"
    escape-string-regexp "^1.0.2"
    has-ansi "^2.0.0"
    strip-ansi "^3.0.0"
    supports-color "^2.0.0"

convert-source-map@^1.5.0, convert-source-map@^1.5.1:
  version "1.5.1"
  resolved "https://registry.yarnpkg.com/convert-source-map/-/convert-source-map-1.5.1.tgz#b8278097b9bc229365de5c62cf5fcaed8b5599e5"

core-util-is@~1.0.0:
  version "1.0.2"
  resolved "https://registry.yarnpkg.com/core-util-is/-/core-util-is-1.0.2.tgz#b5fd54220aa2bc5ab57aab7140c940754503c1a7"

encoding@^0.1.11:
  version "0.1.12"
  resolved "https://registry.yarnpkg.com/encoding/-/encoding-0.1.12.tgz#538b66f3ee62cd1ab51ec323829d1f9480c74beb"
  dependencies:
    iconv-lite "~0.4.13"

escape-string-regexp@^1.0.2:
  version "1.0.5"
  resolved "https://registry.yarnpkg.com/escape-string-regexp/-/escape-string-regexp-1.0.5.tgz#1b61c0562190a8dff6ae3bb2cf0200ca130b86d4"

has-ansi@^2.0.0:
  version "2.0.0"
  resolved "https://registry.yarnpkg.com/has-ansi/-/has-ansi-2.0.0.tgz#34f5049ce1ecdf2b0649af3ef24e45ed35416d91"
  dependencies:
    ansi-regex "^2.0.0"

hyperscript-attribute-to-property@^1.0.0:
  version "1.0.0"
  resolved "https://registry.yarnpkg.com/hyperscript-attribute-to-property/-/hyperscript-attribute-to-property-1.0.0.tgz#825308d49bb8e2957923f731981bcc811cad7aff"

hyperx@^2.3.2:
  version "2.3.3"
  resolved "https://registry.yarnpkg.com/hyperx/-/hyperx-2.3.3.tgz#d5911be282b5997330523e4b03a3d1ff7f818cde"
  dependencies:
    hyperscript-attribute-to-property "^1.0.0"

iconv-lite@~0.4.13:
  version "0.4.19"
  resolved "https://registry.yarnpkg.com/iconv-lite/-/iconv-lite-0.4.19.tgz#f7468f60135f5e5dad3399c0a81be9a1603a082b"

inherits@~2.0.3:
  version "2.0.3"
  resolved "https://registry.yarnpkg.com/inherits/-/inherits-2.0.3.tgz#633c2c83e3da42a502f52466022480f4208261de"

is-buffer@^1.1.5:
  version "1.1.6"
  resolved "https://registry.yarnpkg.com/is-buffer/-/is-buffer-1.1.6.tgz#efaa2ea9daa0d7ab2ea13a97b2b8ad51fefbe8be"

is-stream@^1.0.1:
  version "1.1.0"
  resolved "https://registry.yarnpkg.com/is-stream/-/is-stream-1.1.0.tgz#12d4a3dd4e68e0b79ceb8dbc84173ae80d91ca44"

isarray@~1.0.0:
  version "1.0.0"
  resolved "https://registry.yarnpkg.com/isarray/-/isarray-1.0.0.tgz#bb935d48582cba168c06834957a54a3e07124f11"

isomorphic-unfetch@^2.0.0:
  version "2.0.0"
  resolved "https://registry.yarnpkg.com/isomorphic-unfetch/-/isomorphic-unfetch-2.0.0.tgz#f50140a4c163d7582b5f37f1591968c4f809a645"
  dependencies:
    node-fetch "^1.7.1"
    unfetch "^3.0.0"

lit-html@^0.9.0:
  version "0.9.0"
  resolved "https://registry.yarnpkg.com/lit-html/-/lit-html-0.9.0.tgz#a445ecbb3da7d8b17690e6ade6c872c89385092a"

magic-string@^0.21.3:
  version "0.21.3"
  resolved "https://registry.yarnpkg.com/magic-string/-/magic-string-0.21.3.tgz#87e201009ebfde6f46dc5757305a70af71e31624"
  dependencies:
    vlq "^0.2.1"

merge-source-map@1.0.4:
  version "1.0.4"
  resolved "https://registry.yarnpkg.com/merge-source-map/-/merge-source-map-1.0.4.tgz#a5de46538dae84d4114cc5ea02b4772a6346701f"
  dependencies:
    source-map "^0.5.6"

mutexify@^1.1.0:
  version "1.2.0"
  resolved "https://registry.yarnpkg.com/mutexify/-/mutexify-1.2.0.tgz#45597975a2b035f56dcf61ff15cc8d73c28e7639"

nanoassert@^1.1.0:
  version "1.1.0"
  resolved "https://registry.yarnpkg.com/nanoassert/-/nanoassert-1.1.0.tgz#4f3152e09540fde28c76f44b19bbcd1d5a42478d"

nanobench@^2.1.0:
  version "2.1.1"
  resolved "https://registry.yarnpkg.com/nanobench/-/nanobench-2.1.1.tgz#c2f23fcce116d50b4998b1954ba114674c137269"
  dependencies:
    browser-process-hrtime "^0.1.2"
    chalk "^1.1.3"
    mutexify "^1.1.0"
    pretty-hrtime "^1.0.2"

nanohtml@^1.0.1:
  version "1.0.1"
  resolved "https://registry.yarnpkg.com/nanohtml/-/nanohtml-1.0.1.tgz#84839056bcc2e21a97220b9748e0eacc4f30bb99"
  dependencies:
    acorn "^5.2.1"
    convert-source-map "^1.5.1"
    hyperx "^2.3.2"
    nanoassert "^1.1.0"
    nanobench "^2.1.0"
    through2 "^2.0.3"
    transform-ast "^2.4.0"

node-fetch@^1.7.1:
  version "1.7.3"
  resolved "https://registry.yarnpkg.com/node-fetch/-/node-fetch-1.7.3.tgz#980f6f72d85211a5347c6b2bc18c5b84c3eb47ef"
  dependencies:
    encoding "^0.1.11"
    is-stream "^1.0.1"

pretty-hrtime@^1.0.2:
  version "1.0.3"
  resolved "https://registry.yarnpkg.com/pretty-hrtime/-/pretty-hrtime-1.0.3.tgz#b7e3ea42435a4c9b2759d99e0f201eb195802ee1"

process-nextick-args@~2.0.0:
  version "2.0.0"
  resolved "https://registry.yarnpkg.com/process-nextick-args/-/process-nextick-args-2.0.0.tgz#a37d732f4271b4ab1ad070d35508e8290788ffaa"

radio4000-sdk@^0.0.4:
  version "0.0.4"
  resolved "https://registry.yarnpkg.com/radio4000-sdk/-/radio4000-sdk-0.0.4.tgz#da57c4f0ce1da26421f307cada2fb6689f46cb2c"
  dependencies:
    isomorphic-unfetch "^2.0.0"

readable-stream@^2.1.5:
  version "2.3.5"
  resolved "https://registry.yarnpkg.com/readable-stream/-/readable-stream-2.3.5.tgz#b4f85003a938cbb6ecbce2a124fb1012bd1a838d"
  dependencies:
    core-util-is "~1.0.0"
    inherits "~2.0.3"
    isarray "~1.0.0"
    process-nextick-args "~2.0.0"
    safe-buffer "~5.1.1"
    string_decoder "~1.0.3"
    util-deprecate "~1.0.1"

safe-buffer@~5.1.0, safe-buffer@~5.1.1:
  version "5.1.1"
  resolved "https://registry.yarnpkg.com/safe-buffer/-/safe-buffer-5.1.1.tgz#893312af69b2123def71f57889001671eeb2c853"

source-map@^0.5.6:
  version "0.5.7"
  resolved "https://registry.yarnpkg.com/source-map/-/source-map-0.5.7.tgz#8a039d2d1021d22d1ea14c80d8ea468ba2ef3fcc"

string_decoder@~1.0.3:
  version "1.0.3"
  resolved "https://registry.yarnpkg.com/string_decoder/-/string_decoder-1.0.3.tgz#0fc67d7c141825de94282dd536bec6b9bce860ab"
  dependencies:
    safe-buffer "~5.1.0"

strip-ansi@^3.0.0:
  version "3.0.1"
  resolved "https://registry.yarnpkg.com/strip-ansi/-/strip-ansi-3.0.1.tgz#6a385fb8853d952d5ff05d0e8aaf94278dc63dcf"
  dependencies:
    ansi-regex "^2.0.0"

supports-color@^2.0.0:
  version "2.0.0"
  resolved "https://registry.yarnpkg.com/supports-color/-/supports-color-2.0.0.tgz#535d045ce6b6363fa40117084629995e9df324c7"

through2@^2.0.3:
  version "2.0.3"
  resolved "https://registry.yarnpkg.com/through2/-/through2-2.0.3.tgz#0004569b37c7c74ba39c43f3ced78d1ad94140be"
  dependencies:
    readable-stream "^2.1.5"
    xtend "~4.0.1"

transform-ast@^2.4.0:
  version "2.4.2"
  resolved "https://registry.yarnpkg.com/transform-ast/-/transform-ast-2.4.2.tgz#22d25a36eb48fcf60f270bb52fcd0541ca13cf6c"
  dependencies:
    acorn-node "^1.3.0"
    convert-source-map "^1.5.0"
    is-buffer "^1.1.5"
    magic-string "^0.21.3"
    merge-source-map "1.0.4"
    nanobench "^2.1.0"

unfetch@^3.0.0:
  version "3.0.0"
  resolved "https://registry.yarnpkg.com/unfetch/-/unfetch-3.0.0.tgz#8d1e0513a4ecd0e5ff2d41a6ba77771aae8b6482"

util-deprecate@~1.0.1:
  version "1.0.2"
  resolved "https://registry.yarnpkg.com/util-deprecate/-/util-deprecate-1.0.2.tgz#450d4dc9fa70de732762fbd2d4a28981419a0ccf"

vlq@^0.2.1:
  version "0.2.3"
  resolved "https://registry.yarnpkg.com/vlq/-/vlq-0.2.3.tgz#8f3e4328cf63b1540c0d67e1b2778386f8975b26"

xtend@^4.0.1, xtend@~4.0.1:
  version "4.0.1"
  resolved "https://registry.yarnpkg.com/xtend/-/xtend-4.0.1.tgz#a5c6d532be656e23db820efb943a1f04998d63af"
